
Microsoft Visual Studio Solution File, Format Version 12.00
# Visual Studio Version 17
VisualStudioVersion = 17.0.31903.59
MinimumVisualStudioVersion = 10.0.40219.1
Project("{FAE04EC0-301F-11D3-BF4B-00C04F79EFBC}") = "CloudCustomers.UnitTests", "CloudCustomers.UnitTests\CloudCustomers.UnitTests.csproj", "{FCF9A175-0E69-40ED-907A-C2A0F3BEC154}"
EndProject
Project("{FAE04EC0-301F-11D3-BF4B-00C04F79EFBC}") = "CloudCutomers.API", "CloudCutomers.API\CloudCutomers.API.csproj", "{9BE2C633-6E0F-4F9B-A2ED-0334DC28E30A}"
EndProject
Global
	GlobalSection(SolutionConfigurationPlatforms) = preSolution
		Debug|Any CPU = Debug|Any CPU
		Release|Any CPU = Release|Any CPU
	EndGlobalSection
	GlobalSection(SolutionProperties) = preSolution
		HideSolutionNode = FALSE
	EndGlobalSection
	GlobalSection(ProjectConfigurationPlatforms) = postSolution
		{FCF9A175-0E69-40ED-907A-C2A0F3BEC154}.Debug|Any CPU.ActiveCfg = Debug|Any CPU
		{FCF9A175-0E69-40ED-907A-C2A0F3BEC154}.Debug|Any CPU.Build.0 = Debug|Any CPU
		{FCF9A175-0E69-40ED-907A-C2A0F3BEC154}.Release|Any CPU.ActiveCfg = Release|Any CPU
		{FCF9A175-0E69-40ED-907A-C2A0F3BEC154}.Release|Any CPU.Build.0 = Release|Any CPU
		{9BE2C633-6E0F-4F9B-A2ED-0334DC28E30A}.Debug|Any CPU.ActiveCfg = Debug|Any CPU
		{9BE2C633-6E0F-4F9B-A2ED-0334DC28E30A}.Debug|Any CPU.Build.0 = Debug|Any CPU
		{9BE2C633-6E0F-4F9B-A2ED-0334DC28E30A}.Release|Any CPU.ActiveCfg = Release|Any CPU
		{9BE2C633-6E0F-4F9B-A2ED-0334DC28E30A}.Release|Any CPU.Build.0 = Release|Any CPU
	EndGlobalSection
EndGlobal
